
Microsoft Visual Studio Solution File, Format Version 12.00
# Visual Studio Version 17
VisualStudioVersion = 17.0.31903.59
MinimumVisualStudioVersion = 10.0.40219.1
Project("{FAE04EC0-301F-11D3-BF4B-00C04F79EFBC}") = "API", "API\API.csproj", "{BF8434D0-1CD9-4D71-A3BE-94FDBB093158}"
EndProject
Project("{FAE04EC0-301F-11D3-BF4B-00C04F79EFBC}") = "Application", "Application\Application.csproj", "{BAF21E39-D68F-4059-BDC0-C32BED402186}"
EndProject
Project("{FAE04EC0-301F-11D3-BF4B-00C04F79EFBC}") = "Models", "Models\Models.csproj", "{45D86000-70F5-4739-A959-B2BBD5F31F8F}"
EndProject
Project("{FAE04EC0-301F-11D3-BF4B-00C04F79EFBC}") = "Persistence", "Persistence\Persistence.csproj", "{21FD9125-8DE3-42FA-8B1A-7C6B74EC6BFE}"
EndProject
Global
	GlobalSection(SolutionConfigurationPlatforms) = preSolution
		Debug|Any CPU = Debug|Any CPU
		Release|Any CPU = Release|Any CPU
	EndGlobalSection
	GlobalSection(SolutionProperties) = preSolution
		HideSolutionNode = FALSE
	EndGlobalSection
	GlobalSection(ProjectConfigurationPlatforms) = postSolution
		{BF8434D0-1CD9-4D71-A3BE-94FDBB093158}.Debug|Any CPU.ActiveCfg = Debug|Any CPU
		{BF8434D0-1CD9-4D71-A3BE-94FDBB093158}.Debug|Any CPU.Build.0 = Debug|Any CPU
		{BF8434D0-1CD9-4D71-A3BE-94FDBB093158}.Release|Any CPU.ActiveCfg = Release|Any CPU
		{BF8434D0-1CD9-4D71-A3BE-94FDBB093158}.Release|Any CPU.Build.0 = Release|Any CPU
		{BAF21E39-D68F-4059-BDC0-C32BED402186}.Debug|Any CPU.ActiveCfg = Debug|Any CPU
		{BAF21E39-D68F-4059-BDC0-C32BED402186}.Debug|Any CPU.Build.0 = Debug|Any CPU
		{BAF21E39-D68F-4059-BDC0-C32BED402186}.Release|Any CPU.ActiveCfg = Release|Any CPU
		{BAF21E39-D68F-4059-BDC0-C32BED402186}.Release|Any CPU.Build.0 = Release|Any CPU
		{45D86000-70F5-4739-A959-B2BBD5F31F8F}.Debug|Any CPU.ActiveCfg = Debug|Any CPU
		{45D86000-70F5-4739-A959-B2BBD5F31F8F}.Debug|Any CPU.Build.0 = Debug|Any CPU
		{45D86000-70F5-4739-A959-B2BBD5F31F8F}.Release|Any CPU.ActiveCfg = Release|Any CPU
		{45D86000-70F5-4739-A959-B2BBD5F31F8F}.Release|Any CPU.Build.0 = Release|Any CPU
		{21FD9125-8DE3-42FA-8B1A-7C6B74EC6BFE}.Debug|Any CPU.ActiveCfg = Debug|Any CPU
		{21FD9125-8DE3-42FA-8B1A-7C6B74EC6BFE}.Debug|Any CPU.Build.0 = Debug|Any CPU
		{21FD9125-8DE3-42FA-8B1A-7C6B74EC6BFE}.Release|Any CPU.ActiveCfg = Release|Any CPU
		{21FD9125-8DE3-42FA-8B1A-7C6B74EC6BFE}.Release|Any CPU.Build.0 = Release|Any CPU
	EndGlobalSection
EndGlobal
